
Microsoft Visual Studio Solution File, Format Version 12.00
# Visual Studio Version 17
VisualStudioVersion = 17.14.36811.4 d17.14
MinimumVisualStudioVersion = 10.0.40219.1
Project("{FAE04EC0-301F-11D3-BF4B-00C04F79EFBC}") = "Rogov_pr31_4prakt_okFks", "Rogov_pr31_4prakt_okFks\Rogov_pr31_4prakt_okFks.csproj", "{840AC974-F3D2-4451-BBE5-D3B4D501FC48}"
EndProject
Global
	GlobalSection(SolutionConfigurationPlatforms) = preSolution
		Debug|Any CPU = Debug|Any CPU
		Release|Any CPU = Release|Any CPU
	EndGlobalSection
	GlobalSection(ProjectConfigurationPlatforms) = postSolution
		{840AC974-F3D2-4451-BBE5-D3B4D501FC48}.Debug|Any CPU.ActiveCfg = Debug|Any CPU
		{840AC974-F3D2-4451-BBE5-D3B4D501FC48}.Debug|Any CPU.Build.0 = Debug|Any CPU
		{840AC974-F3D2-4451-BBE5-D3B4D501FC48}.Release|Any CPU.ActiveCfg = Release|Any CPU
		{840AC974-F3D2-4451-BBE5-D3B4D501FC48}.Release|Any CPU.Build.0 = Release|Any CPU
	EndGlobalSection
	GlobalSection(SolutionProperties) = preSolution
		HideSolutionNode = FALSE
	EndGlobalSection
	GlobalSection(ExtensibilityGlobals) = postSolution
		SolutionGuid = {B09805BE-4A47-4F31-8520-CB3096E53AD2}
	EndGlobalSection
EndGlobal
